lockfileVersion: '9.0'

settings:
  autoInstallPeers: true
  excludeLinksFromLockfile: false

importers:

  .:
    devDependencies:
      axe-core:
        specifier: 4.12.1
        version: 4.12.1
      pixelmatch:
        specifier: 7.2.0
        version: 7.2.0
      playwright:
        specifier: 1.61.1
        version: 1.61.1
      pngjs:
        specifier: 7.0.0
        version: 7.0.0
      vnu-jar:
        specifier: 26.7.11
        version: 26.7.11

packages:

  axe-core@4.12.1:
    resolution: {integrity: sha512-s7iGf5GaVMxEG0ENN9x+xTr7GFZCb1ZP/1uATUpCEK2X78nDB3RwbtFCo9pGAf9ru+VwoQ464DkaLEeRM08wJA==}
    engines: {node: '>=4'}

  fsevents@2.3.2:
    resolution: {integrity: sha512-xiqMQR4xAeHTuB9uWm+fFRcIOgKBMiOBP+eXiyT7jsgVCq1bkVygt00oASowB7EdtpOHaaPgKt812P9ab+DDKA==}
    engines: {node: ^8.16.0 || ^10.6.0 || >=11.0.0}
    os: [darwin]

  pixelmatch@7.2.0:
    resolution: {integrity: sha512-xhcb4yHu9sM/G7foGzoLtXYcC0zHEaOXXjRKhGup0fw78Nf2Tkiapv4EQyMzrbcmQPsllAI7DbFY2UT7PlI9Pg==}
    hasBin: true

  playwright-core@1.61.1:
    resolution: {integrity: sha512-h7Qlt6m4REp25qvIdvbDtVmD4LqVXfpRxhORv9L0jzETM05p4fuPJ3dKyuSXQxDSbXnmS79HAgi9589lGSpLkg==}
    engines: {node: '>=18'}
    hasBin: true

  playwright@1.61.1:
    resolution: {integrity: sha512-DWnY5o3YbLWK4GovuAVwpqL+1VwGNdUGrRr++8j8PtQQzvAVZUIMjKQ90fY689sEJZJBbZVw1rXaOKSTitkzPQ==}
    engines: {node: '>=18'}
    hasBin: true

  pngjs@7.0.0:
    resolution: {integrity: sha512-LKWqWJRhstyYo9pGvgor/ivk2w94eSjE3RGVuzLGlr3NmD8bf7RcYGze1mNdEHRP6TRP6rMuDHk5t44hnTRyow==}
    engines: {node: '>=14.19.0'}

  vnu-jar@26.7.11:
    resolution: {integrity: sha512-AD9OZJ6I4Z35LcYhvv6+XCYPfx2obgCj2xWrFG+dMf56tdLz0k/jYtWhEWKLd/Q5gmQmN7xEJC3WoFdF5bZMNg==}
    engines: {node: '>=18'}
    hasBin: true

snapshots:

  axe-core@4.12.1: {}

  fsevents@2.3.2:
    optional: true

  pixelmatch@7.2.0:
    dependencies:
      pngjs: 7.0.0

  playwright-core@1.61.1: {}

  playwright@1.61.1:
    dependencies:
      playwright-core: 1.61.1
    optionalDependencies:
      fsevents: 2.3.2

  pngjs@7.0.0: {}

  vnu-jar@26.7.11: {}
